<Solution>
  <Folder Name="/Solution Items/">
    <File Path="../.github/workflows/publishFirstTest.yml" />
    <File Path="Dockerfile" />
    <File Path="README.md" />
  </Folder>
  <Project Path="ValidateResources/ValidateResources.csproj" Id="0674954f-4f9e-4718-90bc-cda6f69c728b" />
  <Project Path="Web/Web.csproj" />
</Solution>
