<Solution>
  <Folder Name="/Solution Items/">
    <File Path="../.gitattributes" />
    <File Path="../.github/workflows/publishFirstTest.yml" />
    <File Path="../.github/workflows/testFirstTest.yml" />
    <File Path=".editorconfig" />
    <File Path="Directory.Build.props" />
    <File Path="Directory.Packages.props" />
    <File Path="Dockerfile" />
    <File Path="global.json" />
    <File Path="README.md" />
  </Folder>
  <Folder Name="/Test/">
    <Project Path="Test/DockerTest/DockerTest.csproj" />
    <Project Path="Test/Test/Test.csproj" />
  </Folder>
  <Project Path="dotNetRDF.Wrapping/dotNetRDF.Wrapping.csproj" />
  <Project Path="ValidateResources/ValidateResources.csproj" Id="0674954f-4f9e-4718-90bc-cda6f69c728b" />
  <Project Path="Web/Web.csproj" />
</Solution>
